// !$*UTF8*$!
{
	archiveVersion = 1;
	classes = {
	};
	objectVersion = 56;
	objects = {

/* Begin PBXBuildFile section */
		AB465A9A2996F51400FE3751 /* kochSnowflakeApp.swift in Sources */ = {isa = PBXBuildFile; fileRef = AB465A992996F51400FE3751 /* kochSnowflakeApp.swift */; };
		AB465A9C2996F51400FE3751 /* ContentView.swift in Sources */ = {isa = PBXBuildFile; fileRef = AB465A9B2996F51400FE3751 /* ContentView.swift */; };
		AB465A9E2996F51500FE3751 /* Assets.xcassets in Resources */ = {isa = PBXBuildFile; fileRef = AB465A9D2996F51500FE3751 /* Assets.xcassets */; };
		AB465AA22996F51500FE3751 /* Preview Assets.xcassets in Resources */ = {isa = PBXBuildFile; fileRef = AB465AA12996F51500FE3751 /* Preview Assets.xcassets */; };
		AB465AAC2996F51500FE3751 /* kochSnowflakeTests.swift in Sources */ = {isa = PBXBuildFile; fileRef = AB465AAB2996F51500FE3751 /* kochSnowflakeTests.swift */; };
		AB465AB62996F51500FE3751 /* kochSnowflakeUITests.swift in Sources */ = {isa = PBXBuildFile; fileRef = AB465AB52996F51500FE3751 /* kochSnowflakeUITests.swift */; };
		AB465AB82996F51500FE3751 /* kochSnowflakeUITestsLaunchTests.swift in Sources */ = {isa = PBXBuildFile; fileRef = AB465AB72996F51500FE3751 /* kochSnowflakeUITestsLaunchTests.swift */; };
/* End PBXBuildFile section */

/* Begin PBXContainerItemProxy section */
		AB465AA82996F51500FE3751 /* PBXContainerItemProxy */ = {
			isa = PBXContainerItemProxy;
			containerPortal = AB465A8E2996F51400FE3751 /* Project object */;
			proxyType = 1;
			remoteGlobalIDString = AB465A952996F51400FE3751;
			remoteInfo = kochSnowflake;
		};
		AB465AB22996F51500FE3751 /* PBXContainerItemProxy */ = {
			isa = PBXContainerItemProxy;
			containerPortal = AB465A8E2996F51400FE3751 /* Project object */;
			proxyType = 1;
			remoteGlobalIDString = AB465A952996F51400FE3751;
			remoteInfo = kochSnowflake;
		};
/* End PBXContainerItemProxy section */

/* Begin PBXFileReference section */
		AB465A962996F51400FE3751 /* kochSnowflake.app */ = {isa = PBXFileReference; explicitFileType = wrapper.application; includeInIndex = 0; path = kochSnowflake.app; sourceTree = BUILT_PRODUCTS_DIR; };
		AB465A992996F51400FE3751 /* kochSnowflakeApp.swift */ = {isa = PBXFileReference; lastKnownFileType = sourcecode.swift; path = kochSnowflakeApp.swift; sourceTree = "<group>"; };
		AB465A9B2996F51400FE3751 /* ContentView.swift */ = {isa = PBXFileReference; lastKnownFileType = sourcecode.swift; path = ContentView.swift; sourceTree = "<group>"; };
		AB465A9D2996F51500FE3751 /* Assets.xcassets */ = {isa = PBXFileReference; lastKnownFileType = folder.assetcatalog; path = Assets.xcassets; sourceTree = "<group>"; };
		AB465A9F2996F51500FE3751 /* kochSnowflake.entitlements */ = {isa = PBXFileReference; lastKnownFileType = text.plist.entitlements; path = kochSnowflake.entitlements; sourceTree = "<group>"; };
		AB465AA12996F51500FE3751 /* Preview Assets.xcassets */ = {isa = PBXFileReference; lastKnownFileType = folder.assetcatalog; path = "Preview Assets.xcassets"; sourceTree = "<group>"; };
		AB465AA72996F51500FE3751 /* kochSnowflakeTests.xctest */ = {isa = PBXFileReference; explicitFileType = wrapper.cfbundle; includeInIndex = 0; path = kochSnowflakeTests.xctest; sourceTree = BUILT_PRODUCTS_DIR; };
		AB465AAB2996F51500FE3751 /* kochSnowflakeTests.swift */ = {isa = PBXFileReference; lastKnownFileType = sourcecode.swift; path = kochSnowflakeTests.swift; sourceTree = "<group>"; };
		AB465AB12996F51500FE3751 /* kochSnowflakeUITests.xctest */ = {isa = PBXFileReference; explicitFileType = wrapper.cfbundle; includeInIndex = 0; path = kochSnowflakeUITests.xctest; sourceTree = BUILT_PRODUCTS_DIR; };
		AB465AB52996F51500FE3751 /* kochSnowflakeUITests.swift */ = {isa = PBXFileReference; lastKnownFileType = sourcecode.swift; path = kochSnowflakeUITests.swift; sourceTree = "<group>"; };
		AB465AB72996F51500FE3751 /* kochSnowflakeUITestsLaunchTests.swift */ = {isa = PBXFileReference; lastKnownFileType = sourcecode.swift; path = kochSnowflakeUITestsLaunchTests.swift; sourceTree = "<group>"; };
/* End PBXFileReference section */

/* Begin PBXFrameworksBuildPhase section */
		AB465A932996F51400FE3751 /* Frameworks */ = {
			isa = PBXFrameworksBuildPhase;
			buildActionMask = 2147483647;
			files = (
			);
			runOnlyForDeploymentPostprocessing = 0;
		};
		AB465AA42996F51500FE3751 /* Frameworks */ = {
			isa = PBXFrameworksBuildPhase;
			buildActionMask = 2147483647;
			files = (
			);
			runOnlyForDeploymentPostprocessing = 0;
		};
		AB465AAE2996F51500FE3751 /* Frameworks */ = {
			isa = PBXFrameworksBuildPhase;
			buildActionMask = 2147483647;
			files = (
			);
			runOnlyForDeploymentPostprocessing = 0;
		};
/* End PBXFrameworksBuildPhase section */

/* Begin PBXGroup section */
		AB465A8D2996F51400FE3751 = {
			isa = PBXGroup;
			children = (
				AB465A982996F51400FE3751 /* kochSnowflake */,
				AB465AAA2996F51500FE3751 /* kochSnowflakeTests */,
				AB465AB42996F51500FE3751 /* kochSnowflakeUITests */,
				AB465A972996F51400FE3751 /* Products */,
			);
			sourceTree = "<group>";
		};
		AB465A972996F51400FE3751 /* Products */ = {
			isa = PBXGroup;
			children = (
				AB465A962996F51400FE3751 /* kochSnowflake.app */,
				AB465AA72996F51500FE3751 /* kochSnowflakeTests.xctest */,
				AB465AB12996F51500FE3751 /* kochSnowflakeUITests.xctest */,
			);
			name = Products;
			sourceTree = "<group>";
		};
		AB465A982996F51400FE3751 /* kochSnowflake */ = {
			isa = PBXGroup;
			children = (
				AB465A992996F51400FE3751 /* kochSnowflakeApp.swift */,
				AB465A9B2996F51400FE3751 /* ContentView.swift */,
				AB465A9D2996F51500FE3751 /* Assets.xcassets */,
				AB465A9F2996F51500FE3751 /* kochSnowflake.entitlements */,
				AB465AA02996F51500FE3751 /* Preview Content */,
			);
			path = kochSnowflake;
			sourceTree = "<group>";
		};
		AB465AA02996F51500FE3751 /* Preview Content */ = {
			isa = PBXGroup;
			children = (
				AB465AA12996F51500FE3751 /* Preview Assets.xcassets */,
			);
			path = "Preview Content";
			sourceTree = "<group>";
		};
		AB465AAA2996F51500FE3751 /* kochSnowflakeTests */ = {
			isa = PBXGroup;
			children = (
				AB465AAB2996F51500FE3751 /* kochSnowflakeTests.swift */,
			);
			path = kochSnowflakeTests;
			sourceTree = "<group>";
		};
		AB465AB42996F51500FE3751 /* kochSnowflakeUITests */ = {
			isa = PBXGroup;
			children = (
				AB465AB52996F51500FE3751 /* kochSnowflakeUITests.swift */,
				AB465AB72996F51500FE3751 /* kochSnowflakeUITestsLaunchTests.swift */,
			);
			path = kochSnowflakeUITests;
			sourceTree = "<group>";
		};
/* End PBXGroup section */

/* Begin PBXNativeTarget section */
		AB465A952996F51400FE3751 /* kochSnowflake */ = {
			isa = PBXNativeTarget;
			buildConfigurationList = AB465ABB2996F51500FE3751 /* Build configuration list for PBXNativeTarget "kochSnowflake" */;
			buildPhases = (
				AB465A922996F51400FE3751 /* Sources */,
				AB465A932996F51400FE3751 /* Frameworks */,
				AB465A942996F51400FE3751 /* Resources */,
			);
			buildRules = (
			);
			dependencies = (
			);
			name = kochSnowflake;
			productName = kochSnowflake;
			productReference = AB465A962996F51400FE3751 /* kochSnowflake.app */;
			productType = "com.apple.product-type.application";
		};
		AB465AA62996F51500FE3751 /* kochSnowflakeTests */ = {
			isa = PBXNativeTarget;
			buildConfigurationList = AB465ABE2996F51500FE3751 /* Build configuration list for PBXNativeTarget "kochSnowflakeTests" */;
			buildPhases = (
				AB465AA32996F51500FE3751 /* Sources */,
				AB465AA42996F51500FE3751 /* Frameworks */,
				AB465AA52996F51500FE3751 /* Resources */,
			);
			buildRules = (
			);
			dependencies = (
				AB465AA92996F51500FE3751 /* PBXTargetDependency */,
			);
			name = kochSnowflakeTests;
			productName = kochSnowflakeTests;
			productReference = AB465AA72996F51500FE3751 /* kochSnowflakeTests.xctest */;
			productType = "com.apple.product-type.bundle.unit-test";
		};
		AB465AB02996F51500FE3751 /* kochSnowflakeUITests */ = {
			isa = PBXNativeTarget;
			buildConfigurationList = AB465AC12996F51500FE3751 /* Build configuration list for PBXNativeTarget "kochSnowflakeUITests" */;
			buildPhases = (
				AB465AAD2996F51500FE3751 /* Sources */,
				AB465AAE2996F51500FE3751 /* Frameworks */,
				AB465AAF2996F51500FE3751 /* Resources */,
			);
			buildRules = (
			);
			dependencies = (
				AB465AB32996F51500FE3751 /* PBXTargetDependency */,
			);
			name = kochSnowflakeUITests;
			productName = kochSnowflakeUITests;
			productReference = AB465AB12996F51500FE3751 /* kochSnowflakeUITests.xctest */;
			productType = "com.apple.product-type.bundle.ui-testing";
		};
/* End PBXNativeTarget section */

/* Begin PBXProject section */
		AB465A8E2996F51400FE3751 /* Project object */ = {
			isa = PBXProject;
			attributes = {
				BuildIndependentTargetsInParallel = 1;
				LastSwiftUpdateCheck = 1420;
				LastUpgradeCheck = 1420;
				TargetAttributes = {
					AB465A952996F51400FE3751 = {
						CreatedOnToolsVersion = 14.2;
					};
					AB465AA62996F51500FE3751 = {
						CreatedOnToolsVersion = 14.2;
						TestTargetID = AB465A952996F51400FE3751;
					};
					AB465AB02996F51500FE3751 = {
						CreatedOnToolsVersion = 14.2;
						TestTargetID = AB465A952996F51400FE3751;
					};
				};
			};
			buildConfigurationList = AB465A912996F51400FE3751 /* Build configuration list for PBXProject "kochSnowflake" */;
			compatibilityVersion = "Xcode 14.0";
			developmentRegion = en;
			hasScannedForEncodings = 0;
			knownRegions = (
				en,
				Base,
			);
			mainGroup = AB465A8D2996F51400FE3751;
			productRefGroup = AB465A972996F51400FE3751 /* Products */;
			projectDirPath = "";
			projectRoot = "";
			targets = (
				AB465A952996F51400FE3751 /* kochSnowflake */,
				AB465AA62996F51500FE3751 /* kochSnowflakeTests */,
				AB465AB02996F51500FE3751 /* kochSnowflakeUITests */,
			);
		};
/* End PBXProject section */

/* Begin PBXResourcesBuildPhase section */
		AB465A942996F51400FE3751 /* Resources */ = {
			isa = PBXResourcesBuildPhase;
			buildActionMask = 2147483647;
			files = (
				AB465AA22996F51500FE3751 /* Preview Assets.xcassets in Resources */,
				AB465A9E2996F51500FE3751 /* Assets.xcassets in Resources */,
			);
			runOnlyForDeploymentPostprocessing = 0;
		};
		AB465AA52996F51500FE3751 /* Resources */ = {
			isa = PBXResourcesBuildPhase;
			buildActionMask = 2147483647;
			files = (
			);
			runOnlyForDeploymentPostprocessing = 0;
		};
		AB465AAF2996F51500FE3751 /* Resources */ = {
			isa = PBXResourcesBuildPhase;
			buildActionMask = 2147483647;
			files = (
			);
			runOnlyForDeploymentPostprocessing = 0;
		};
/* End PBXResourcesBuildPhase section */

/* Begin PBXSourcesBuildPhase section */
		AB465A922996F51400FE3751 /* Sources */ = {
			isa = PBXSourcesBuildPhase;
			buildActionMask = 2147483647;
			files = (
				AB465A9C2996F51400FE3751 /* ContentView.swift in Sources */,
				AB465A9A2996F51400FE3751 /* kochSnowflakeApp.swift in Sources */,
			);
			runOnlyForDeploymentPostprocessing = 0;
		};
		AB465AA32996F51500FE3751 /* Sources */ = {
			isa = PBXSourcesBuildPhase;
			buildActionMask = 2147483647;
			files = (
				AB465AAC2996F51500FE3751 /* kochSnowflakeTests.swift in Sources */,
			);
			runOnlyForDeploymentPostprocessing = 0;
		};
		AB465AAD2996F51500FE3751 /* Sources */ = {
			isa = PBXSourcesBuildPhase;
			buildActionMask = 2147483647;
			files = (
				AB465AB82996F51500FE3751 /* kochSnowflakeUITestsLaunchTests.swift in Sources */,
				AB465AB62996F51500FE3751 /* kochSnowflakeUITests.swift in Sources */,
			);
			runOnlyForDeploymentPostprocessing = 0;
		};
/* End PBXSourcesBuildPhase section */

/* Begin PBXTargetDependency section */
		AB465AA92996F51500FE3751 /* PBXTargetDependency */ = {
			isa = PBXTargetDependency;
			target = AB465A952996F51400FE3751 /* kochSnowflake */;
			targetProxy = AB465AA82996F51500FE3751 /* PBXContainerItemProxy */;
		};
		AB465AB32996F51500FE3751 /* PBXTargetDependency */ = {
			isa = PBXTargetDependency;
			target = AB465A952996F51400FE3751 /* kochSnowflake */;
			targetProxy = AB465AB22996F51500FE3751 /* PBXContainerItemProxy */;
		};
/* End PBXTargetDependency section */

/* Begin XCBuildConfiguration section */
		AB465AB92996F51500FE3751 /* Debug */ = {
			isa = XCBuildConfiguration;
			buildSettings = {
				ALWAYS_SEARCH_USER_PATHS = NO;
				CLANG_ANALYZER_NONNULL = YES;
				CLANG_ANALYZER_NUMBER_OBJECT_CONVERSION = YES_AGGRESSIVE;
				CLANG_CXX_LANGUAGE_STANDARD = "gnu++20";
				CLANG_ENABLE_MODULES = YES;
				CLANG_ENABLE_OBJC_ARC = YES;
				CLANG_ENABLE_OBJC_WEAK = YES;
				CLANG_WARN_BLOCK_CAPTURE_AUTORELEASING = YES;
				CLANG_WARN_BOOL_CONVERSION = YES;
				CLANG_WARN_COMMA = YES;
				CLANG_WARN_CONSTANT_CONVERSION = YES;
				CLANG_WARN_DEPRECATED_OBJC_IMPLEMENTATIONS = YES;
				CLANG_WARN_DIRECT_OBJC_ISA_USAGE = YES_ERROR;
				CLANG_WARN_DOCUMENTATION_COMMENTS = YES;
				CLANG_WARN_EMPTY_BODY = YES;
				CLANG_WARN_ENUM_CONVERSION = YES;
				CLANG_WARN_INFINITE_RECURSION = YES;
				CLANG_WARN_INT_CONVERSION = YES;
				CLANG_WARN_NON_LITERAL_NULL_CONVERSION = YES;
				CLANG_WARN_OBJC_IMPLICIT_RETAIN_SELF = YES;
				CLANG_WARN_OBJC_LITERAL_CONVERSION = YES;
				CLANG_WARN_OBJC_ROOT_CLASS = YES_ERROR;
				CLANG_WARN_QUOTED_INCLUDE_IN_FRAMEWORK_HEADER = YES;
				CLANG_WARN_RANGE_LOOP_ANALYSIS = YES;
				CLANG_WARN_STRICT_PROTOTYPES = YES;
				CLANG_WARN_SUSPICIOUS_MOVE = YES;
				CLANG_WARN_UNGUARDED_AVAILABILITY = YES_AGGRESSIVE;
				CLANG_WARN_UNREACHABLE_CODE = YES;
				CLANG_WARN__DUPLICATE_METHOD_MATCH = YES;
				COPY_PHASE_STRIP = NO;
				DEBUG_INFORMATION_FORMAT = dwarf;
				ENABLE_STRICT_OBJC_MSGSEND = YES;
				ENABLE_TESTABILITY = YES;
				GCC_C_LANGUAGE_STANDARD = gnu11;
				GCC_DYNAMIC_NO_PIC = NO;
				GCC_NO_COMMON_BLOCKS = YES;
				GCC_OPTIMIZATION_LEVEL = 0;
				GCC_PREPROCESSOR_DEFINITIONS = (
					"DEBUG=1",
					"$(inherited)",
				);
				GCC_WARN_64_TO_32_BIT_CONVERSION = YES;
				GCC_WARN_ABOUT_RETURN_TYPE = YES_ERROR;
				GCC_WARN_UNDECLARED_SELECTOR = YES;
				GCC_WARN_UNINITIALIZED_AUTOS = YES_AGGRESSIVE;
				GCC_WARN_UNUSED_FUNCTION = YES;
				GCC_WARN_UNUSED_VARIABLE = YES;
				MTL_ENABLE_DEBUG_INFO = INCLUDE_SOURCE;
				MTL_FAST_MATH = YES;
				ONLY_ACTIVE_ARCH = YES;
				SWIFT_ACTIVE_COMPILATION_CONDITIONS = DEBUG;
				SWIFT_OPTIMIZATION_LEVEL = "-Onone";
			};
			name = Debug;
		};
		AB465ABA2996F51500FE3751 /* Release */ = {
			isa = XCBuildConfiguration;
			buildSettings = {
				ALWAYS_SEARCH_USER_PATHS = NO;
				CLANG_ANALYZER_NONNULL = YES;
				CLANG_ANALYZER_NUMBER_OBJECT_CONVERSION = YES_AGGRESSIVE;
				CLANG_CXX_LANGUAGE_STANDARD = "gnu++20";
				CLANG_ENABLE_MODULES = YES;
				CLANG_ENABLE_OBJC_ARC = YES;
				CLANG_ENABLE_OBJC_WEAK = YES;
				CLANG_WARN_BLOCK_CAPTURE_AUTORELEASING = YES;
				CLANG_WARN_BOOL_CONVERSION = YES;
				CLANG_WARN_COMMA = YES;
				CLANG_WARN_CONSTANT_CONVERSION = YES;
				CLANG_WARN_DEPRECATED_OBJC_IMPLEMENTATIONS = YES;
				CLANG_WARN_DIRECT_OBJC_ISA_USAGE = YES_ERROR;
				CLANG_WARN_DOCUMENTATION_COMMENTS = YES;
				CLANG_WARN_EMPTY_BODY = YES;
				CLANG_WARN_ENUM_CONVERSION = YES;
				CLANG_WARN_INFINITE_RECURSION = YES;
				CLANG_WARN_INT_CONVERSION = YES;
				CLANG_WARN_NON_LITERAL_NULL_CONVERSION = YES;
				CLANG_WARN_OBJC_IMPLICIT_RETAIN_SELF = YES;
				CLANG_WARN_OBJC_LITERAL_CONVERSION = YES;
				CLANG_WARN_OBJC_ROOT_CLASS = YES_ERROR;
				CLANG_WARN_QUOTED_INCLUDE_IN_FRAMEWORK_HEADER = YES;
				CLANG_WARN_RANGE_LOOP_ANALYSIS = YES;
				CLANG_WARN_STRICT_PROTOTYPES = YES;
				CLANG_WARN_SUSPICIOUS_MOVE = YES;
				CLANG_WARN_UNGUARDED_AVAILABILITY = YES_AGGRESSIVE;
				CLANG_WARN_UNREACHABLE_CODE = YES;
				CLANG_WARN__DUPLICATE_METHOD_MATCH = YES;
				COPY_PHASE_STRIP = NO;
				DEBUG_INFORMATION_FORMAT = "dwarf-with-dsym";
				ENABLE_NS_ASSERTIONS = NO;
				ENABLE_STRICT_OBJC_MSGSEND = YES;
				GCC_C_LANGUAGE_STANDARD = gnu11;
				GCC_NO_COMMON_BLOCKS = YES;
				GCC_WARN_64_TO_32_BIT_CONVERSION = YES;
				GCC_WARN_ABOUT_RETURN_TYPE = YES_ERROR;
				GCC_WARN_UNDECLARED_SELECTOR = YES;
				GCC_WARN_UNINITIALIZED_AUTOS = YES_AGGRESSIVE;
				GCC_WARN_UNUSED_FUNCTION = YES;
				GCC_WARN_UNUSED_VARIABLE = YES;
				MTL_ENABLE_DEBUG_INFO = NO;
				MTL_FAST_MATH = YES;
				SWIFT_COMPILATION_MODE = wholemodule;
				SWIFT_OPTIMIZATION_LEVEL = "-O";
			};
			name = Release;
		};
		AB465ABC2996F51500FE3751 /* Debug */ = {
			isa = XCBuildConfiguration;
			buildSettings = {
				ASSETCATALOG_COMPILER_APPICON_NAME = AppIcon;
				ASSETCATALOG_COMPILER_GLOBAL_ACCENT_COLOR_NAME = AccentColor;
				CODE_SIGN_ENTITLEMENTS = kochSnowflake/kochSnowflake.entitlements;
				CODE_SIGN_STYLE = Automatic;
				CURRENT_PROJECT_VERSION = 1;
				DEVELOPMENT_ASSET_PATHS = "\"kochSnowflake/Preview Content\"";
				ENABLE_PREVIEWS = YES;
				GENERATE_INFOPLIST_FILE = YES;
				"INFOPLIST_KEY_UIApplicationSceneManifest_Generation[sdk=iphoneos*]" = YES;
				"INFOPLIST_KEY_UIApplicationSceneManifest_Generation[sdk=iphonesimulator*]" = YES;
				"INFOPLIST_KEY_UIApplicationSupportsIndirectInputEvents[sdk=iphoneos*]" = YES;
				"INFOPLIST_KEY_UIApplicationSupportsIndirectInputEvents[sdk=iphonesimulator*]" = YES;
				"INFOPLIST_KEY_UILaunchScreen_Generation[sdk=iphoneos*]" = YES;
				"INFOPLIST_KEY_UILaunchScreen_Generation[sdk=iphonesimulator*]" = YES;
				"INFOPLIST_KEY_UIStatusBarStyle[sdk=iphoneos*]" = UIStatusBarStyleDefault;
				"INFOPLIST_KEY_UIStatusBarStyle[sdk=iphonesimulator*]" = UIStatusBarStyleDefault;
				INFOPLIST_KEY_UISupportedInterfaceOrientations_iPad = "UIInterfaceOrientationPortrait UIInterfaceOrientationPortraitUpsideDown UIInterfaceOrientationLandscapeLeft UIInterfaceOrientationLandscapeRight";
				INFOPLIST_KEY_UISupportedInterfaceOrientations_iPhone = "UIInterfaceOrientationPortrait UIInterfaceOrientationLandscapeLeft UIInterfaceOrientationLandscapeRight";
				IPHONEOS_DEPLOYMENT_TARGET = 16.2;
				LD_RUNPATH_SEARCH_PATHS = "@executable_path/Frameworks";
				"LD_RUNPATH_SEARCH_PATHS[sdk=macosx*]" = "@executable_path/../Frameworks";
				MACOSX_DEPLOYMENT_TARGET = 13.1;
				MARKETING_VERSION = 1.0;
				PRODUCT_BUNDLE_IDENTIFIER = com.MV.kochSnowflake;
				PRODUCT_NAME = "$(TARGET_NAME)";
				SDKROOT = auto;
				SUPPORTED_PLATFORMS = "iphoneos iphonesimulator macosx";
				SWIFT_EMIT_LOC_STRINGS = YES;
				SWIFT_VERSION = 5.0;
				TARGETED_DEVICE_FAMILY = "1,2";
			};
			name = Debug;
		};
		AB465ABD2996F51500FE3751 /* Release */ = {
			isa = XCBuildConfiguration;
			buildSettings = {
				ASSETCATALOG_COMPILER_APPICON_NAME = AppIcon;
				ASSETCATALOG_COMPILER_GLOBAL_ACCENT_COLOR_NAME = AccentColor;
				CODE_SIGN_ENTITLEMENTS = kochSnowflake/kochSnowflake.entitlements;
				CODE_SIGN_STYLE = Automatic;
				CURRENT_PROJECT_VERSION = 1;
				DEVELOPMENT_ASSET_PATHS = "\"kochSnowflake/Preview Content\"";
				ENABLE_PREVIEWS = YES;
				GENERATE_INFOPLIST_FILE = YES;
				"INFOPLIST_KEY_UIApplicationSceneManifest_Generation[sdk=iphoneos*]" = YES;
				"INFOPLIST_KEY_UIApplicationSceneManifest_Generation[sdk=iphonesimulator*]" = YES;
				"INFOPLIST_KEY_UIApplicationSupportsIndirectInputEvents[sdk=iphoneos*]" = YES;
				"INFOPLIST_KEY_UIApplicationSupportsIndirectInputEvents[sdk=iphonesimulator*]" = YES;
				"INFOPLIST_KEY_UILaunchScreen_Generation[sdk=iphoneos*]" = YES;
				"INFOPLIST_KEY_UILaunchScreen_Generation[sdk=iphonesimulator*]" = YES;
				"INFOPLIST_KEY_UIStatusBarStyle[sdk=iphoneos*]" = UIStatusBarStyleDefault;
				"INFOPLIST_KEY_UIStatusBarStyle[sdk=iphonesimulator*]" = UIStatusBarStyleDefault;
				INFOPLIST_KEY_UISupportedInterfaceOrientations_iPad = "UIInterfaceOrientationPortrait UIInterfaceOrientationPortraitUpsideDown UIInterfaceOrientationLandscapeLeft UIInterfaceOrientationLandscapeRight";
				INFOPLIST_KEY_UISupportedInterfaceOrientations_iPhone = "UIInterfaceOrientationPortrait UIInterfaceOrientationLandscapeLeft UIInterfaceOrientationLandscapeRight";
				IPHONEOS_DEPLOYMENT_TARGET = 16.2;
				LD_RUNPATH_SEARCH_PATHS = "@executable_path/Frameworks";
				"LD_RUNPATH_SEARCH_PATHS[sdk=macosx*]" = "@executable_path/../Frameworks";
				MACOSX_DEPLOYMENT_TARGET = 13.1;
				MARKETING_VERSION = 1.0;
				PRODUCT_BUNDLE_IDENTIFIER = com.MV.kochSnowflake;
				PRODUCT_NAME = "$(TARGET_NAME)";
				SDKROOT = auto;
				SUPPORTED_PLATFORMS = "iphoneos iphonesimulator macosx";
				SWIFT_EMIT_LOC_STRINGS = YES;
				SWIFT_VERSION = 5.0;
				TARGETED_DEVICE_FAMILY = "1,2";
			};
			name = Release;
		};
		AB465ABF2996F51500FE3751 /* Debug */ = {
			isa = XCBuildConfiguration;
			buildSettings = {
				ALWAYS_EMBED_SWIFT_STANDARD_LIBRARIES = YES;
				BUNDLE_LOADER = "$(TEST_HOST)";
				CODE_SIGN_STYLE = Automatic;
				CURRENT_PROJECT_VERSION = 1;
				GENERATE_INFOPLIST_FILE = YES;
				IPHONEOS_DEPLOYMENT_TARGET = 16.2;
				MACOSX_DEPLOYMENT_TARGET = 13.1;
				MARKETING_VERSION = 1.0;
				PRODUCT_BUNDLE_IDENTIFIER = com.MV.kochSnowflakeTests;
				PRODUCT_NAME = "$(TARGET_NAME)";
				SDKROOT = auto;
				SUPPORTED_PLATFORMS = "iphoneos iphonesimulator macosx";
				SWIFT_EMIT_LOC_STRINGS = NO;
				SWIFT_VERSION = 5.0;
				TARGETED_DEVICE_FAMILY = "1,2";
				TEST_HOST = "$(BUILT_PRODUCTS_DIR)/kochSnowflake.app/$(BUNDLE_EXECUTABLE_FOLDER_PATH)/kochSnowflake";
			};
			name = Debug;
		};
		AB465AC02996F51500FE3751 /* Release */ = {
			isa = XCBuildConfiguration;
			buildSettings = {
				ALWAYS_EMBED_SWIFT_STANDARD_LIBRARIES = YES;
				BUNDLE_LOADER = "$(TEST_HOST)";
				CODE_SIGN_STYLE = Automatic;
				CURRENT_PROJECT_VERSION = 1;
				GENERATE_INFOPLIST_FILE = YES;
				IPHONEOS_DEPLOYMENT_TARGET = 16.2;
				MACOSX_DEPLOYMENT_TARGET = 13.1;
				MARKETING_VERSION = 1.0;
				PRODUCT_BUNDLE_IDENTIFIER = com.MV.kochSnowflakeTests;
				PRODUCT_NAME = "$(TARGET_NAME)";
				SDKROOT = auto;
				SUPPORTED_PLATFORMS = "iphoneos iphonesimulator macosx";
				SWIFT_EMIT_LOC_STRINGS = NO;
				SWIFT_VERSION = 5.0;
				TARGETED_DEVICE_FAMILY = "1,2";
				TEST_HOST = "$(BUILT_PRODUCTS_DIR)/kochSnowflake.app/$(BUNDLE_EXECUTABLE_FOLDER_PATH)/kochSnowflake";
			};
			name = Release;
		};
		AB465AC22996F51500FE3751 /* Debug */ = {
			isa = XCBuildConfiguration;
			buildSettings = {
				ALWAYS_EMBED_SWIFT_STANDARD_LIBRARIES = YES;
				CODE_SIGN_STYLE = Automatic;
				CURRENT_PROJECT_VERSION = 1;
				GENERATE_INFOPLIST_FILE = YES;
				IPHONEOS_DEPLOYMENT_TARGET = 16.2;
				MACOSX_DEPLOYMENT_TARGET = 13.1;
				MARKETING_VERSION = 1.0;
				PRODUCT_BUNDLE_IDENTIFIER = com.MV.kochSnowflakeUITests;
				PRODUCT_NAME = "$(TARGET_NAME)";
				SDKROOT = auto;
				SUPPORTED_PLATFORMS = "iphoneos iphonesimulator macosx";
				SWIFT_EMIT_LOC_STRINGS = NO;
				SWIFT_VERSION = 5.0;
				TARGETED_DEVICE_FAMILY = "1,2";
				TEST_TARGET_NAME = kochSnowflake;
			};
			name = Debug;
		};
		AB465AC32996F51500FE3751 /* Release */ = {
			isa = XCBuildConfiguration;
			buildSettings = {
				ALWAYS_EMBED_SWIFT_STANDARD_LIBRARIES = YES;
				CODE_SIGN_STYLE = Automatic;
				CURRENT_PROJECT_VERSION = 1;
				GENERATE_INFOPLIST_FILE = YES;
				IPHONEOS_DEPLOYMENT_TARGET = 16.2;
				MACOSX_DEPLOYMENT_TARGET = 13.1;
				MARKETING_VERSION = 1.0;
				PRODUCT_BUNDLE_IDENTIFIER = com.MV.kochSnowflakeUITests;
				PRODUCT_NAME = "$(TARGET_NAME)";
				SDKROOT = auto;
				SUPPORTED_PLATFORMS = "iphoneos iphonesimulator macosx";
				SWIFT_EMIT_LOC_STRINGS = NO;
				SWIFT_VERSION = 5.0;
				TARGETED_DEVICE_FAMILY = "1,2";
				TEST_TARGET_NAME = kochSnowflake;
			};
			name = Release;
		};
/* End XCBuildConfiguration section */

/* Begin XCConfigurationList section */
		AB465A912996F51400FE3751 /* Build configuration list for PBXProject "kochSnowflake" */ = {
			isa = XCConfigurationList;
			buildConfigurations = (
				AB465AB92996F51500FE3751 /* Debug */,
				AB465ABA2996F51500FE3751 /* Release */,
			);
			defaultConfigurationIsVisible = 0;
			defaultConfigurationName = Release;
		};
		AB465ABB2996F51500FE3751 /* Build configuration list for PBXNativeTarget "kochSnowflake" */ = {
			isa = XCConfigurationList;
			buildConfigurations = (
				AB465ABC2996F51500FE3751 /* Debug */,
				AB465ABD2996F51500FE3751 /* Release */,
			);
			defaultConfigurationIsVisible = 0;
			defaultConfigurationName = Release;
		};
		AB465ABE2996F51500FE3751 /* Build configuration list for PBXNativeTarget "kochSnowflakeTests" */ = {
			isa = XCConfigurationList;
			buildConfigurations = (
				AB465ABF2996F51500FE3751 /* Debug */,
				AB465AC02996F51500FE3751 /* Release */,
			);
			defaultConfigurationIsVisible = 0;
			defaultConfigurationName = Release;
		};
		AB465AC12996F51500FE3751 /* Build configuration list for PBXNativeTarget "kochSnowflakeUITests" */ = {
			isa = XCConfigurationList;
			buildConfigurations = (
				AB465AC22996F51500FE3751 /* Debug */,
				AB465AC32996F51500FE3751 /* Release */,
			);
			defaultConfigurationIsVisible = 0;
			defaultConfigurationName = Release;
		};
/* End XCConfigurationList section */
	};
	rootObject = AB465A8E2996F51400FE3751 /* Project object */;
}
